
Microsoft Visual Studio Solution File, Format Version 12.00
# Visual Studio Version 16
VisualStudioVersion = 16.0.30517.126
MinimumVisualStudioVersion = 10.0.40219.1
Project("{FAE04EC0-301F-11D3-BF4B-00C04F79EFBC}") = "MSF", "MSF.csproj", "{3CFDC6D9-86D5-4C5A-9673-2D07FE47706F}"
EndProject
Global
	GlobalSection(SolutionConfigurationPlatforms) = preSolution
		Debug|Any CPU = Debug|Any CPU
		Release|Any CPU = Release|Any CPU
	EndGlobalSection
	GlobalSection(ProjectConfigurationPlatforms) = postSolution
		{3CFDC6D9-86D5-4C5A-9673-2D07FE47706F}.Debug|Any CPU.ActiveCfg = Debug|Any CPU
		{3CFDC6D9-86D5-4C5A-9673-2D07FE47706F}.Debug|Any CPU.Build.0 = Debug|Any CPU
		{3CFDC6D9-86D5-4C5A-9673-2D07FE47706F}.Release|Any CPU.ActiveCfg = Release|Any CPU
		{3CFDC6D9-86D5-4C5A-9673-2D07FE47706F}.Release|Any CPU.Build.0 = Release|Any CPU
	EndGlobalSection
	GlobalSection(SolutionProperties) = preSolution
		HideSolutionNode = FALSE
	EndGlobalSection
	GlobalSection(ExtensibilityGlobals) = postSolution
		SolutionGuid = {4EC14F7C-8673-4471-9A7B-BBF9D9606191}
	EndGlobalSection
EndGlobal
